Microsoft Visual Studio Solution File, Format Version 12.00
# Visual Studio Version 17
VisualStudioVersion = 17.5.2.0
MinimumVisualStudioVersion = 10.0.40219.1
Project("{FAE04EC0-301F-11D3-BF4B-00C04F79EFBC}") = "DiceDemo", "DiceDemo\DiceDemo.csproj", "{4CD8B1BB-9209-BE72-2B70-3984A4B5F530}"
EndProject
Global
	GlobalSection(SolutionConfigurationPlatforms) = preSolution
		Debug|Any CPU = Debug|Any CPU
		Release|Any CPU = Release|Any CPU
	EndGlobalSection
	GlobalSection(ProjectConfigurationPlatforms) = postSolution
		{4CD8B1BB-9209-BE72-2B70-3984A4B5F530}.Debug|Any CPU.ActiveCfg = Debug|Any CPU
		{4CD8B1BB-9209-BE72-2B70-3984A4B5F530}.Debug|Any CPU.Build.0 = Debug|Any CPU
		{4CD8B1BB-9209-BE72-2B70-3984A4B5F530}.Release|Any CPU.ActiveCfg = Release|Any CPU
		{4CD8B1BB-9209-BE72-2B70-3984A4B5F530}.Release|Any CPU.Build.0 = Release|Any CPU
	EndGlobalSection
	GlobalSection(SolutionProperties) = preSolution
		HideSolutionNode = FALSE
	EndGlobalSection
	GlobalSection(ExtensibilityGlobals) = postSolution
		SolutionGuid = {21A06F50-4312-41D3-98BB-D4A6C88AAF33}
	EndGlobalSection
EndGlobal
